
Microsoft Visual Studio Solution File, Format Version 12.00
# Visual Studio Version 17
VisualStudioVersion = 17.6.33815.320
MinimumVisualStudioVersion = 10.0.40219.1
Project("{FAE04EC0-301F-11D3-BF4B-00C04F79EFBC}") = "Api", "Api\Api.csproj", "{74BB15CB-F697-4474-948E-211C48BCFAA4}"
EndProject
Global
	GlobalSection(SolutionConfigurationPlatforms) = preSolution
		Debug|Any CPU = Debug|Any CPU
		Release|Any CPU = Release|Any CPU
	EndGlobalSection
	GlobalSection(ProjectConfigurationPlatforms) = postSolution
		{74BB15CB-F697-4474-948E-211C48BCFAA4}.Debug|Any CPU.ActiveCfg = Debug|Any CPU
		{74BB15CB-F697-4474-948E-211C48BCFAA4}.Debug|Any CPU.Build.0 = Debug|Any CPU
		{74BB15CB-F697-4474-948E-211C48BCFAA4}.Release|Any CPU.ActiveCfg = Release|Any CPU
		{74BB15CB-F697-4474-948E-211C48BCFAA4}.Release|Any CPU.Build.0 = Release|Any CPU
	EndGlobalSection
	GlobalSection(SolutionProperties) = preSolution
		HideSolutionNode = FALSE
	EndGlobalSection
	GlobalSection(ExtensibilityGlobals) = postSolution
		SolutionGuid = {12B15FA0-FFC4-4BC4-A8D6-4A1C36DAD596}
	EndGlobalSection
EndGlobal
